// !$*UTF8*$!
{
	archiveVersion = 1;
	classes = {
	};
	objectVersion = 51;
	objects = {

/* Begin PBXBuildFile section */
		08F9C6AC3F38F38F710A53C0 /* ViewModel.swift in Sources */ = {isa = PBXBuildFile; fileRef = BEB0186EAD20761AC741E3CB /* ViewModel.swift */; };
		19F555F4AE8EBE2630211BC3 /* Combine_with_NotificationsUITests.swift in Sources */ = {isa = PBXBuildFile; fileRef = 63FAD4D75D50A3FFD1068529 /* Combine_with_NotificationsUITests.swift */; };
		1CA3BA512154DD6BB8529E4B /* UIBindingViewModel.swift in Sources */ = {isa = PBXBuildFile; fileRef = 429C65B613A0926FCE6B3284 /* UIBindingViewModel.swift */; };
		3677DA77132B98C585A2682B /* UIViewModel.swift in Sources */ = {isa = PBXBuildFile; fileRef = 1257AB2D8BE1215DE71476B8 /* UIViewModel.swift */; };
		48A7FBD37376B9869C166835 /* SwiftUIBindingView.swift in Sources */ = {isa = PBXBuildFile; fileRef = B14557BA47FCFCA8D405B415 /* SwiftUIBindingView.swift */; };
		5393963941B75E925BE77159 /* Combine_with_NotificationsTests.swift in Sources */ = {isa = PBXBuildFile; fileRef = EE70485480175BBB80CD93B6 /* Combine_with_NotificationsTests.swift */; };
		61246DA0B557A12325D2EF87 /* SceneDelegate.swift in Sources */ = {isa = PBXBuildFile; fileRef = 5E56D16B8964C408EC759304 /* SceneDelegate.swift */; };
		762D82EF86700AC6DCC048A5 /* Assets.xcassets in Resources */ = {isa = PBXBuildFile; fileRef = 54EE107ED220E64318D33557 /* Assets.xcassets */; };
		985649BFEE671B3E24DD5934 /* SwiftUIView.swift in Sources */ = {isa = PBXBuildFile; fileRef = DCE8DF8D564ED8A15FBE84A7 /* SwiftUIView.swift */; };
		9F46737272A06820469B125E /* _UIBindingViewModel.swift in Sources */ = {isa = PBXBuildFile; fileRef = 499B96C2861FEF411C1B1944 /* _UIBindingViewModel.swift */; };
		A43DAC11EE4336C33AFCECDA /* ViewController.swift in Sources */ = {isa = PBXBuildFile; fileRef = 953EDF43DD3F16865FF01FBC /* ViewController.swift */; };
		D10553FE2DC41A9EE6849A17 /* AppDelegate.swift in Sources */ = {isa = PBXBuildFile; fileRef = 4174260E50D8465AAB58197E /* AppDelegate.swift */; };
		FBA36A66917B1C846DEAC839 /* _SwiftUIBindingView.swift in Sources */ = {isa = PBXBuildFile; fileRef = 33F8C0D278ED99BCD4732E55 /* _SwiftUIBindingView.swift */; };
/* End PBXBuildFile section */

/* Begin PBXFileReference section */
		1257AB2D8BE1215DE71476B8 /* UIViewModel.swift */ = {isa = PBXFileReference; lastKnownFileType = sourcecode.swift; path = UIViewModel.swift; sourceTree = "<group>"; };
		33F8C0D278ED99BCD4732E55 /* _SwiftUIBindingView.swift */ = {isa = PBXFileReference; lastKnownFileType = sourcecode.swift; path = _SwiftUIBindingView.swift; sourceTree = "<group>"; };
		4174260E50D8465AAB58197E /* AppDelegate.swift */ = {isa = PBXFileReference; lastKnownFileType = sourcecode.swift; path = AppDelegate.swift; sourceTree = "<group>"; };
		429C65B613A0926FCE6B3284 /* UIBindingViewModel.swift */ = {isa = PBXFileReference; lastKnownFileType = sourcecode.swift; path = UIBindingViewModel.swift; sourceTree = "<group>"; };
		499B96C2861FEF411C1B1944 /* _UIBindingViewModel.swift */ = {isa = PBXFileReference; lastKnownFileType = sourcecode.swift; path = _UIBindingViewModel.swift; sourceTree = "<group>"; };
		4B7A3CA46F48F4D295BFFB22 /* Info.plist */ = {isa = PBXFileReference; lastKnownFileType = text.plist; path = Info.plist; sourceTree = "<group>"; };
		54EE107ED220E64318D33557 /* Assets.xcassets */ = {isa = PBXFileReference; lastKnownFileType = folder.assetcatalog; path = Assets.xcassets; sourceTree = "<group>"; };
		5E56D16B8964C408EC759304 /* SceneDelegate.swift */ = {isa = PBXFileReference; lastKnownFileType = sourcecode.swift; path = SceneDelegate.swift; sourceTree = "<group>"; };
		63FAD4D75D50A3FFD1068529 /* Combine_with_NotificationsUITests.swift */ = {isa = PBXFileReference; lastKnownFileType = sourcecode.swift; path = Combine_with_NotificationsUITests.swift; sourceTree = "<group>"; };
		953EDF43DD3F16865FF01FBC /* ViewController.swift */ = {isa = PBXFileReference; lastKnownFileType = sourcecode.swift; path = ViewController.swift; sourceTree = "<group>"; };
		9A2A9A352C1769B41E7D7C79 /* Info.plist */ = {isa = PBXFileReference; lastKnownFileType = text.plist; path = Info.plist; sourceTree = "<group>"; };
		A798AE7EEFFB5CFB7E3C4065 /* Combine_with_NotificationsUITests.xctest */ = {isa = PBXFileReference; includeInIndex = 0; lastKnownFileType = wrapper.cfbundle; path = Combine_with_NotificationsUITests.xctest; sourceTree = BUILT_PRODUCTS_DIR; };
		B14557BA47FCFCA8D405B415 /* SwiftUIBindingView.swift */ = {isa = PBXFileReference; lastKnownFileType = sourcecode.swift; path = SwiftUIBindingView.swift; sourceTree = "<group>"; };
		B2FB8622B2E60104B3BD7C96 /* Combine_with_Notifications.app */ = {isa = PBXFileReference; includeInIndex = 0; lastKnownFileType = wrapper.application; path = Combine_with_Notifications.app; sourceTree = BUILT_PRODUCTS_DIR; };
		B9DAF6FE9F283FA9836DBB89 /* Combine_with_NotificationsTests.xctest */ = {isa = PBXFileReference; includeInIndex = 0; lastKnownFileType = wrapper.cfbundle; path = Combine_with_NotificationsTests.xctest; sourceTree = BUILT_PRODUCTS_DIR; };
		BEB0186EAD20761AC741E3CB /* ViewModel.swift */ = {isa = PBXFileReference; lastKnownFileType = sourcecode.swift; path = ViewModel.swift; sourceTree = "<group>"; };
		D36E29473B27D6DD45EBD1B6 /* Base.lproj */ = {isa = PBXFileReference; path = Base.lproj; sourceTree = "<group>"; };
		DCE8DF8D564ED8A15FBE84A7 /* SwiftUIView.swift */ = {isa = PBXFileReference; lastKnownFileType = sourcecode.swift; path = SwiftUIView.swift; sourceTree = "<group>"; };
		EE70485480175BBB80CD93B6 /* Combine_with_NotificationsTests.swift */ = {isa = PBXFileReference; lastKnownFileType = sourcecode.swift; path = Combine_with_NotificationsTests.swift; sourceTree = "<group>"; };
/* End PBXFileReference section */

/* Begin PBXGroup section */
		112C64C6B2C5FD23F4E06B71 /* Combine_with_NotificationsUITests */ = {
			isa = PBXGroup;
			children = (
				63FAD4D75D50A3FFD1068529 /* Combine_with_NotificationsUITests.swift */,
				9A2A9A352C1769B41E7D7C79 /* Info.plist */,
			);
			name = Combine_with_NotificationsUITests;
			path = Combine_with_NotificationsUITests;
			sourceTree = "<group>";
		};
		175F323A2EBCA306F432E8A4 /* SwiftUI+MVVM+NotWorking */ = {
			isa = PBXGroup;
			children = (
				33F8C0D278ED99BCD4732E55 /* _SwiftUIBindingView.swift */,
				499B96C2861FEF411C1B1944 /* _UIBindingViewModel.swift */,
			);
			name = "SwiftUI+MVVM+NotWorking";
			path = "Combine_with_Notifications/SwiftUI+MVVM+NotWorking";
			sourceTree = "<group>";
		};
		1D6C626CED3F3D2141906B72 /* SwiftUI+MVVM+Published */ = {
			isa = PBXGroup;
			children = (
				B14557BA47FCFCA8D405B415 /* SwiftUIBindingView.swift */,
				429C65B613A0926FCE6B3284 /* UIBindingViewModel.swift */,
			);
			name = "SwiftUI+MVVM+Published";
			path = "Combine_with_Notifications/SwiftUI+MVVM+Published";
			sourceTree = "<group>";
		};
		75399D1C35FBCF6E27A243C8 /* ViewController+MVVM */ = {
			isa = PBXGroup;
			children = (
				953EDF43DD3F16865FF01FBC /* ViewController.swift */,
				BEB0186EAD20761AC741E3CB /* ViewModel.swift */,
			);
			name = "ViewController+MVVM";
			path = "Combine_with_Notifications/ViewController+MVVM";
			sourceTree = "<group>";
		};
		77318B57BF89C795AA274D8E /* Combine_with_NotificationsTests */ = {
			isa = PBXGroup;
			children = (
				EE70485480175BBB80CD93B6 /* Combine_with_NotificationsTests.swift */,
				4B7A3CA46F48F4D295BFFB22 /* Info.plist */,
			);
			name = Combine_with_NotificationsTests;
			path = Combine_with_NotificationsTests;
			sourceTree = "<group>";
		};
		7C71098CA87013B399B8BF86 /* Products */ = {
			isa = PBXGroup;
			children = (
				B2FB8622B2E60104B3BD7C96 /* Combine_with_Notifications.app */,
				B9DAF6FE9F283FA9836DBB89 /* Combine_with_NotificationsTests.xctest */,
				A798AE7EEFFB5CFB7E3C4065 /* Combine_with_NotificationsUITests.xctest */,
			);
			name = Products;
			sourceTree = "<group>";
		};
		A3BB97A2E17293C8C89AF181 /* Combine_with_Notifications */ = {
			isa = PBXGroup;
			children = (
				4174260E50D8465AAB58197E /* AppDelegate.swift */,
				54EE107ED220E64318D33557 /* Assets.xcassets */,
				D36E29473B27D6DD45EBD1B6 /* Base.lproj */,
				5E56D16B8964C408EC759304 /* SceneDelegate.swift */,
			);
			path = Combine_with_Notifications;
			sourceTree = "<group>";
		};
		DE8D06ABD7D78508AD15C042 /* SwiftUI+MVVM+AnyPublisher */ = {
			isa = PBXGroup;
			children = (
				DCE8DF8D564ED8A15FBE84A7 /* SwiftUIView.swift */,
				1257AB2D8BE1215DE71476B8 /* UIViewModel.swift */,
			);
			name = "SwiftUI+MVVM+AnyPublisher";
			path = "Combine_with_Notifications/SwiftUI+MVVM+AnyPublisher";
			sourceTree = "<group>";
		};
		ECA5FF4874DFB8696DFC7ED9 = {
			isa = PBXGroup;
			children = (
				A3BB97A2E17293C8C89AF181 /* Combine_with_Notifications */,
				77318B57BF89C795AA274D8E /* Combine_with_NotificationsTests */,
				112C64C6B2C5FD23F4E06B71 /* Combine_with_NotificationsUITests */,
				DE8D06ABD7D78508AD15C042 /* SwiftUI+MVVM+AnyPublisher */,
				175F323A2EBCA306F432E8A4 /* SwiftUI+MVVM+NotWorking */,
				1D6C626CED3F3D2141906B72 /* SwiftUI+MVVM+Published */,
				75399D1C35FBCF6E27A243C8 /* ViewController+MVVM */,
				7C71098CA87013B399B8BF86 /* Products */,
			);
			sourceTree = "<group>";
		};
/* End PBXGroup section */

/* Begin PBXNativeTarget section */
		0B281D7974E3956B49521084 /* Combine_with_Notifications */ = {
			isa = PBXNativeTarget;
			buildConfigurationList = BF139EC2F6C3C248EB2319CC /* Build configuration list for PBXNativeTarget "Combine_with_Notifications" */;
			buildPhases = (
				A3F86197C54FE10DFEEF8CF0 /* Sources */,
				D46AE6C8B75E29897D6AB3FD /* Resources */,
			);
			buildRules = (
			);
			dependencies = (
			);
			name = Combine_with_Notifications;
			productName = Combine_with_Notifications;
			productReference = B2FB8622B2E60104B3BD7C96 /* Combine_with_Notifications.app */;
			productType = "com.apple.product-type.application";
		};
		19E9A93751C331152E0C0B33 /* Combine_with_NotificationsUITests */ = {
			isa = PBXNativeTarget;
			buildConfigurationList = 5C8C61FA98BB08CF2B8CEC6D /* Build configuration list for PBXNativeTarget "Combine_with_NotificationsUITests" */;
			buildPhases = (
				FB15AD4C3179A2C832C6B7EF /* Sources */,
			);
			buildRules = (
			);
			dependencies = (
			);
			name = Combine_with_NotificationsUITests;
			productName = Combine_with_NotificationsUITests;
			productReference = A798AE7EEFFB5CFB7E3C4065 /* Combine_with_NotificationsUITests.xctest */;
			productType = "com.apple.product-type.bundle.ui-testing";
		};
		38A04CD3F6021A941C77A504 /* Combine_with_NotificationsTests */ = {
			isa = PBXNativeTarget;
			buildConfigurationList = F6AEFCB67FD489B8A1C32995 /* Build configuration list for PBXNativeTarget "Combine_with_NotificationsTests" */;
			buildPhases = (
				171B09D4473983CEB9924224 /* Sources */,
			);
			buildRules = (
			);
			dependencies = (
			);
			name = Combine_with_NotificationsTests;
			productName = Combine_with_NotificationsTests;
			productReference = B9DAF6FE9F283FA9836DBB89 /* Combine_with_NotificationsTests.xctest */;
			productType = "com.apple.product-type.bundle.unit-test";
		};
/* End PBXNativeTarget section */

/* Begin PBXProject section */
		78EE9F88ACB7DB2B70C2D9D9 /* Project object */ = {
			isa = PBXProject;
			attributes = {
				LastSwiftUpdateCheck = 1110;
				LastUpgradeCheck = 1110;
				ORGANIZATIONNAME = "Hiromu Tsuruta";
				TargetAttributes = {
					0B281D7974E3956B49521084 = {
						DevelopmentTeam = X5KC3K5577;
						ProvisioningStyle = Automatic;
					};
					19E9A93751C331152E0C0B33 = {
						DevelopmentTeam = X5KC3K5577;
						ProvisioningStyle = Automatic;
						TestTargetID = 0B281D7974E3956B49521084;
					};
					38A04CD3F6021A941C77A504 = {
						DevelopmentTeam = X5KC3K5577;
						ProvisioningStyle = Automatic;
					};
				};
			};
			buildConfigurationList = 19F41882B7483FDBD551DB12 /* Build configuration list for PBXProject "Combine_with_Notifications" */;
			compatibilityVersion = "Xcode 10.0";
			developmentRegion = en;
			hasScannedForEncodings = 0;
			knownRegions = (
				Base,
				en,
			);
			mainGroup = ECA5FF4874DFB8696DFC7ED9;
			projectDirPath = "";
			projectRoot = "";
			targets = (
				0B281D7974E3956B49521084 /* Combine_with_Notifications */,
				38A04CD3F6021A941C77A504 /* Combine_with_NotificationsTests */,
				19E9A93751C331152E0C0B33 /* Combine_with_NotificationsUITests */,
			);
		};
/* End PBXProject section */

/* Begin PBXResourcesBuildPhase section */
		D46AE6C8B75E29897D6AB3FD /* Resources */ = {
			isa = PBXResourcesBuildPhase;
			buildActionMask = 2147483647;
			files = (
				762D82EF86700AC6DCC048A5 /* Assets.xcassets in Resources */,
			);
			runOnlyForDeploymentPostprocessing = 0;
		};
/* End PBXResourcesBuildPhase section */

/* Begin PBXSourcesBuildPhase section */
		171B09D4473983CEB9924224 /* Sources */ = {
			isa = PBXSourcesBuildPhase;
			buildActionMask = 2147483647;
			files = (
				5393963941B75E925BE77159 /* Combine_with_NotificationsTests.swift in Sources */,
			);
			runOnlyForDeploymentPostprocessing = 0;
		};
		A3F86197C54FE10DFEEF8CF0 /* Sources */ = {
			isa = PBXSourcesBuildPhase;
			buildActionMask = 2147483647;
			files = (
				D10553FE2DC41A9EE6849A17 /* AppDelegate.swift in Sources */,
				61246DA0B557A12325D2EF87 /* SceneDelegate.swift in Sources */,
				48A7FBD37376B9869C166835 /* SwiftUIBindingView.swift in Sources */,
				985649BFEE671B3E24DD5934 /* SwiftUIView.swift in Sources */,
				1CA3BA512154DD6BB8529E4B /* UIBindingViewModel.swift in Sources */,
				3677DA77132B98C585A2682B /* UIViewModel.swift in Sources */,
				A43DAC11EE4336C33AFCECDA /* ViewController.swift in Sources */,
				08F9C6AC3F38F38F710A53C0 /* ViewModel.swift in Sources */,
				FBA36A66917B1C846DEAC839 /* _SwiftUIBindingView.swift in Sources */,
				9F46737272A06820469B125E /* _UIBindingViewModel.swift in Sources */,
			);
			runOnlyForDeploymentPostprocessing = 0;
		};
		FB15AD4C3179A2C832C6B7EF /* Sources */ = {
			isa = PBXSourcesBuildPhase;
			buildActionMask = 2147483647;
			files = (
				19F555F4AE8EBE2630211BC3 /* Combine_with_NotificationsUITests.swift in Sources */,
			);
			runOnlyForDeploymentPostprocessing = 0;
		};
/* End PBXSourcesBuildPhase section */

/* Begin XCBuildConfiguration section */
		0C6C5F07DE60F723606478DA /* Debug */ = {
			isa = XCBuildConfiguration;
			buildSettings = {
				ASSETCATALOG_COMPILER_APPICON_NAME = AppIcon;
				CODE_SIGN_IDENTITY = "iPhone Developer";
				CODE_SIGN_STYLE = Automatic;
				DEVELOPMENT_TEAM = X5KC3K5577;
				INFOPLIST_FILE = Combine_with_Notifications/Info.plist;
				LD_RUNPATH_SEARCH_PATHS = (
					"$(inherited)",
					"@executable_path/Frameworks",
				);
				PRODUCT_BUNDLE_IDENTIFIER = "cwn.Combine-with-Notifications";
				PRODUCT_NAME = "$(TARGET_NAME)";
				SDKROOT = iphoneos;
				SWIFT_VERSION = 5.0;
				TARGETED_DEVICE_FAMILY = "1,2";
			};
			name = Debug;
		};
		36A7C9A1E4B02C217DE989F5 /* Release */ = {
			isa = XCBuildConfiguration;
			buildSettings = {
				ALWAYS_EMBED_SWIFT_STANDARD_LIBRARIES = YES;
				BUNDLE_LOADER = "$(TEST_HOST)";
				CODE_SIGN_STYLE = Automatic;
				DEVELOPMENT_TEAM = X5KC3K5577;
				INFOPLIST_FILE = Combine_with_NotificationsTests/Info.plist;
				IPHONEOS_DEPLOYMENT_TARGET = 13.1;
				LD_RUNPATH_SEARCH_PATHS = (
					"$(inherited)",
					"@executable_path/Frameworks",
					"@loader_path/Frameworks",
				);
				PRODUCT_BUNDLE_IDENTIFIER = "cwn.Combine-with-NotificationsTests";
				PRODUCT_NAME = "$(TARGET_NAME)";
				SDKROOT = iphoneos;
				SWIFT_VERSION = 5.0;
				TARGETED_DEVICE_FAMILY = "1,2";
				TEST_HOST = "$(BUILT_PRODUCTS_DIR)/Combine_with_Notifications.app/Combine_with_Notifications";
			};
			name = Release;
		};
		63C15F0D71C9087BF9485E30 /* Debug */ = {
			isa = XCBuildConfiguration;
			buildSettings = {
				ALWAYS_EMBED_SWIFT_STANDARD_LIBRARIES = YES;
				BUNDLE_LOADER = "$(TEST_HOST)";
				CODE_SIGN_STYLE = Automatic;
				DEVELOPMENT_TEAM = X5KC3K5577;
				INFOPLIST_FILE = Combine_with_NotificationsUITests/Info.plist;
				LD_RUNPATH_SEARCH_PATHS = (
					"$(inherited)",
					"@executable_path/Frameworks",
					"@loader_path/Frameworks",
				);
				PRODUCT_BUNDLE_IDENTIFIER = "cwn.Combine-with-NotificationsUITests";
				PRODUCT_NAME = "$(TARGET_NAME)";
				SDKROOT = iphoneos;
				SWIFT_VERSION = 5.0;
				TARGETED_DEVICE_FAMILY = "1,2";
				TEST_TARGET_NAME = Combine_with_Notifications;
			};
			name = Debug;
		};
		7F9B0541626FD9B80DA95E23 /* Debug */ = {
			isa = XCBuildConfiguration;
			buildSettings = {
				ALWAYS_SEARCH_USER_PATHS = NO;
				CLANG_ANALYZER_NONNULL = YES;
				CLANG_ANALYZER_NUMBER_OBJECT_CONVERSION = YES_AGGRESSIVE;
				CLANG_CXX_LANGUAGE_STANDARD = "gnu++14";
				CLANG_CXX_LIBRARY = "libc++";
				CLANG_ENABLE_MODULES = YES;
				CLANG_ENABLE_OBJC_ARC = YES;
				CLANG_WARN_BLOCK_CAPTURE_AUTORELEASING = YES;
				CLANG_WARN_BOOL_CONVERSION = YES;
				CLANG_WARN_COMMA = YES;
				CLANG_WARN_CONSTANT_CONVERSION = YES;
				CLANG_WARN_DEPRECATED_OBJC_IMPLEMENTATIONS = YES;
				CLANG_WARN_DIRECT_OBJC_ISA_USAGE = YES_ERROR;
				CLANG_WARN_DOCUMENTATION_COMMENTS = YES;
				CLANG_WARN_EMPTY_BODY = YES;
				CLANG_WARN_ENUM_CONVERSION = YES;
				CLANG_WARN_INFINITE_RECURSION = YES;
				CLANG_WARN_INT_CONVERSION = YES;
				CLANG_WARN_NON_LITERAL_NULL_CONVERSION = YES;
				CLANG_WARN_OBJC_IMPLICIT_RETAIN_SELF = YES;
				CLANG_WARN_OBJC_LITERAL_CONVERSION = YES;
				CLANG_WARN_OBJC_ROOT_CLASS = YES_ERROR;
				CLANG_WARN_RANGE_LOOP_ANALYSIS = YES;
				CLANG_WARN_STRICT_PROTOTYPES = YES;
				CLANG_WARN_SUSPICIOUS_MOVE = YES;
				CLANG_WARN_UNGUARDED_AVAILABILITY = YES_AGGRESSIVE;
				CLANG_WARN_UNREACHABLE_CODE = YES;
				CLANG_WARN__DUPLICATE_METHOD_MATCH = YES;
				COPY_PHASE_STRIP = NO;
				DEBUG_INFORMATION_FORMAT = dwarf;
				ENABLE_STRICT_OBJC_MSGSEND = YES;
				ENABLE_TESTABILITY = YES;
				GCC_C_LANGUAGE_STANDARD = gnu11;
				GCC_DYNAMIC_NO_PIC = NO;
				GCC_NO_COMMON_BLOCKS = YES;
				GCC_OPTIMIZATION_LEVEL = 0;
				GCC_PREPROCESSOR_DEFINITIONS = (
					"$(inherited)",
					"DEBUG=1",
				);
				GCC_WARN_64_TO_32_BIT_CONVERSION = YES;
				GCC_WARN_ABOUT_RETURN_TYPE = YES_ERROR;
				GCC_WARN_UNDECLARED_SELECTOR = YES;
				GCC_WARN_UNINITIALIZED_AUTOS = YES_AGGRESSIVE;
				GCC_WARN_UNUSED_FUNCTION = YES;
				GCC_WARN_UNUSED_VARIABLE = YES;
				MTL_ENABLE_DEBUG_INFO = YES;
				ONLY_ACTIVE_ARCH = YES;
				PRODUCT_NAME = "$(TARGET_NAME)";
				SDKROOT = iphoneos;
				SWIFT_ACTIVE_COMPILATION_CONDITIONS = DEBUG;
				SWIFT_OPTIMIZATION_LEVEL = "-Onone";
				SWIFT_VERSION = 5.0;
			};
			name = Debug;
		};
		9C04F0256293CA71A4ADE029 /* Release */ = {
			isa = XCBuildConfiguration;
			buildSettings = {
				ALWAYS_SEARCH_USER_PATHS = NO;
				CLANG_ANALYZER_NONNULL = YES;
				CLANG_ANALYZER_NUMBER_OBJECT_CONVERSION = YES_AGGRESSIVE;
				CLANG_CXX_LANGUAGE_STANDARD = "gnu++14";
				CLANG_CXX_LIBRARY = "libc++";
				CLANG_ENABLE_MODULES = YES;
				CLANG_ENABLE_OBJC_ARC = YES;
				CLANG_WARN_BLOCK_CAPTURE_AUTORELEASING = YES;
				CLANG_WARN_BOOL_CONVERSION = YES;
				CLANG_WARN_COMMA = YES;
				CLANG_WARN_CONSTANT_CONVERSION = YES;
				CLANG_WARN_DEPRECATED_OBJC_IMPLEMENTATIONS = YES;
				CLANG_WARN_DIRECT_OBJC_ISA_USAGE = YES_ERROR;
				CLANG_WARN_DOCUMENTATION_COMMENTS = YES;
				CLANG_WARN_EMPTY_BODY = YES;
				CLANG_WARN_ENUM_CONVERSION = YES;
				CLANG_WARN_INFINITE_RECURSION = YES;
				CLANG_WARN_INT_CONVERSION = YES;
				CLANG_WARN_NON_LITERAL_NULL_CONVERSION = YES;
				CLANG_WARN_OBJC_IMPLICIT_RETAIN_SELF = YES;
				CLANG_WARN_OBJC_LITERAL_CONVERSION = YES;
				CLANG_WARN_OBJC_ROOT_CLASS = YES_ERROR;
				CLANG_WARN_RANGE_LOOP_ANALYSIS = YES;
				CLANG_WARN_STRICT_PROTOTYPES = YES;
				CLANG_WARN_SUSPICIOUS_MOVE = YES;
				CLANG_WARN_UNGUARDED_AVAILABILITY = YES_AGGRESSIVE;
				CLANG_WARN_UNREACHABLE_CODE = YES;
				CLANG_WARN__DUPLICATE_METHOD_MATCH = YES;
				COPY_PHASE_STRIP = NO;
				DEBUG_INFORMATION_FORMAT = "dwarf-with-dsym";
				ENABLE_NS_ASSERTIONS = NO;
				ENABLE_STRICT_OBJC_MSGSEND = YES;
				GCC_C_LANGUAGE_STANDARD = gnu11;
				GCC_NO_COMMON_BLOCKS = YES;
				GCC_WARN_64_TO_32_BIT_CONVERSION = YES;
				GCC_WARN_ABOUT_RETURN_TYPE = YES_ERROR;
				GCC_WARN_UNDECLARED_SELECTOR = YES;
				GCC_WARN_UNINITIALIZED_AUTOS = YES_AGGRESSIVE;
				GCC_WARN_UNUSED_FUNCTION = YES;
				GCC_WARN_UNUSED_VARIABLE = YES;
				PRODUCT_NAME = "$(TARGET_NAME)";
				SDKROOT = iphoneos;
				SWIFT_COMPILATION_MODE = wholemodule;
				SWIFT_VERSION = 5.0;
				VALIDATE_PRODUCT = YES;
			};
			name = Release;
		};
		A58283686C69EEE3C3E66F8D /* Debug */ = {
			isa = XCBuildConfiguration;
			buildSettings = {
				ALWAYS_EMBED_SWIFT_STANDARD_LIBRARIES = YES;
				BUNDLE_LOADER = "$(TEST_HOST)";
				CODE_SIGN_STYLE = Automatic;
				DEVELOPMENT_TEAM = X5KC3K5577;
				INFOPLIST_FILE = Combine_with_NotificationsTests/Info.plist;
				IPHONEOS_DEPLOYMENT_TARGET = 13.1;
				LD_RUNPATH_SEARCH_PATHS = (
					"$(inherited)",
					"@executable_path/Frameworks",
					"@loader_path/Frameworks",
				);
				PRODUCT_BUNDLE_IDENTIFIER = "cwn.Combine-with-NotificationsTests";
				PRODUCT_NAME = "$(TARGET_NAME)";
				SDKROOT = iphoneos;
				SWIFT_VERSION = 5.0;
				TARGETED_DEVICE_FAMILY = "1,2";
				TEST_HOST = "$(BUILT_PRODUCTS_DIR)/Combine_with_Notifications.app/Combine_with_Notifications";
			};
			name = Debug;
		};
		D36EC617CA9A6B82CDDC8E37 /* Release */ = {
			isa = XCBuildConfiguration;
			buildSettings = {
				ASSETCATALOG_COMPILER_APPICON_NAME = AppIcon;
				CODE_SIGN_IDENTITY = "iPhone Developer";
				CODE_SIGN_STYLE = Automatic;
				DEVELOPMENT_TEAM = X5KC3K5577;
				INFOPLIST_FILE = Combine_with_Notifications/Info.plist;
				LD_RUNPATH_SEARCH_PATHS = (
					"$(inherited)",
					"@executable_path/Frameworks",
				);
				PRODUCT_BUNDLE_IDENTIFIER = "cwn.Combine-with-Notifications";
				PRODUCT_NAME = "$(TARGET_NAME)";
				SDKROOT = iphoneos;
				SWIFT_VERSION = 5.0;
				TARGETED_DEVICE_FAMILY = "1,2";
			};
			name = Release;
		};
		F23A740A53AE50E9FD3199E2 /* Release */ = {
			isa = XCBuildConfiguration;
			buildSettings = {
				ALWAYS_EMBED_SWIFT_STANDARD_LIBRARIES = YES;
				BUNDLE_LOADER = "$(TEST_HOST)";
				CODE_SIGN_STYLE = Automatic;
				DEVELOPMENT_TEAM = X5KC3K5577;
				INFOPLIST_FILE = Combine_with_NotificationsUITests/Info.plist;
				LD_RUNPATH_SEARCH_PATHS = (
					"$(inherited)",
					"@executable_path/Frameworks",
					"@loader_path/Frameworks",
				);
				PRODUCT_BUNDLE_IDENTIFIER = "cwn.Combine-with-NotificationsUITests";
				PRODUCT_NAME = "$(TARGET_NAME)";
				SDKROOT = iphoneos;
				SWIFT_VERSION = 5.0;
				TARGETED_DEVICE_FAMILY = "1,2";
				TEST_TARGET_NAME = Combine_with_Notifications;
			};
			name = Release;
		};
/* End XCBuildConfiguration section */

/* Begin XCConfigurationList section */
		19F41882B7483FDBD551DB12 /* Build configuration list for PBXProject "Combine_with_Notifications" */ = {
			isa = XCConfigurationList;
			buildConfigurations = (
				7F9B0541626FD9B80DA95E23 /* Debug */,
				9C04F0256293CA71A4ADE029 /* Release */,
			);
			defaultConfigurationIsVisible = 0;
			defaultConfigurationName = Debug;
		};
		5C8C61FA98BB08CF2B8CEC6D /* Build configuration list for PBXNativeTarget "Combine_with_NotificationsUITests" */ = {
			isa = XCConfigurationList;
			buildConfigurations = (
				63C15F0D71C9087BF9485E30 /* Debug */,
				F23A740A53AE50E9FD3199E2 /* Release */,
			);
			defaultConfigurationIsVisible = 0;
			defaultConfigurationName = "";
		};
		BF139EC2F6C3C248EB2319CC /* Build configuration list for PBXNativeTarget "Combine_with_Notifications" */ = {
			isa = XCConfigurationList;
			buildConfigurations = (
				0C6C5F07DE60F723606478DA /* Debug */,
				D36EC617CA9A6B82CDDC8E37 /* Release */,
			);
			defaultConfigurationIsVisible = 0;
			defaultConfigurationName = "";
		};
		F6AEFCB67FD489B8A1C32995 /* Build configuration list for PBXNativeTarget "Combine_with_NotificationsTests" */ = {
			isa = XCConfigurationList;
			buildConfigurations = (
				A58283686C69EEE3C3E66F8D /* Debug */,
				36A7C9A1E4B02C217DE989F5 /* Release */,
			);
			defaultConfigurationIsVisible = 0;
			defaultConfigurationName = "";
		};
/* End XCConfigurationList section */
	};
	rootObject = 78EE9F88ACB7DB2B70C2D9D9 /* Project object */;
}
